{
  "nodes": {
    "emacs-overlay": {
      "inputs": {
        "flake-utils": "flake-utils",
        "nixpkgs": "nixpkgs"
      },
      "locked": {
        "lastModified": 1672310162,
        "narHash": "sha256-J42FJetIAOu91szWXI3AH+hvONemnZVVqU17+dHaaw8=",
        "owner": "nix-community",
        "repo": "emacs-overlay",
        "rev": "d9ddea546f88f021ee6ab6a587eea9fa7c185b0c",
        "type": "github"
      },
      "original": {
        "owner": "nix-community",
        "repo": "emacs-overlay",
        "type": "github"
      }
    },
    "flake-utils": {
      "locked": {
        "lastModified": 1667395993,
        "narHash": "sha256-nuEHfE/LcWyuSWnS8t12N1wc105Qtau+/OdUAjtQ0rA=",
        "owner": "numtide",
        "repo": "flake-utils",
        "rev": "5aed5285a952e0b949eb3ba02c12fa4fcfef535f",
        "type": "github"
      },
      "original": {
        "owner": "numtide",
        "repo": "flake-utils",
        "type": "github"
      }
    },
    "flake-utils_2": {
      "locked": {
        "lastModified": 1659877975,
        "narHash": "sha256-zllb8aq3YO3h8B/U0/J1WBgAL8EX5yWf5pMj3G0NAmc=",
        "owner": "numtide",
        "repo": "flake-utils",
        "rev": "c0e246b9b83f637f4681389ecabcb2681b4f3af0",
        "type": "github"
      },
      "original": {
        "owner": "numtide",
        "repo": "flake-utils",
        "type": "github"
      }
    },
    "flake-utils_3": {
      "locked": {
        "lastModified": 1656928814,
        "narHash": "sha256-RIFfgBuKz6Hp89yRr7+NR5tzIAbn52h8vT6vXkYjZoM=",
        "owner": "numtide",
        "repo": "flake-utils",
        "rev": "7e2a3b3dfd9af950a856d66b0a7d01e3c18aa249",
        "type": "github"
      },
      "original": {
        "owner": "numtide",
        "repo": "flake-utils",
        "type": "github"
      }
    },
    "flake-utils_4": {
      "locked": {
        "lastModified": 1656928814,
        "narHash": "sha256-RIFfgBuKz6Hp89yRr7+NR5tzIAbn52h8vT6vXkYjZoM=",
        "owner": "numtide",
        "repo": "flake-utils",
        "rev": "7e2a3b3dfd9af950a856d66b0a7d01e3c18aa249",
        "type": "github"
      },
      "original": {
        "owner": "numtide",
        "repo": "flake-utils",
        "type": "github"
      }
    },
    "flake-utils_5": {
      "locked": {
        "lastModified": 1659877975,
        "narHash": "sha256-zllb8aq3YO3h8B/U0/J1WBgAL8EX5yWf5pMj3G0NAmc=",
        "owner": "numtide",
        "repo": "flake-utils",
        "rev": "c0e246b9b83f637f4681389ecabcb2681b4f3af0",
        "type": "github"
      },
      "original": {
        "owner": "numtide",
        "repo": "flake-utils",
        "type": "github"
      }
    },
    "home-manager": {
      "inputs": {
        "nixpkgs": [
          "nixpkgs"
        ],
        "utils": "utils"
      },
      "locked": {
        "lastModified": 1672318366,
        "narHash": "sha256-DBUVFooXtE4boZk1LvJ8sTg3nxMmJvNAJQ4lpjxDH5U=",
        "owner": "nix-community",
        "repo": "home-manager",
        "rev": "cbacdaba3c7b361defb36e1cdfa03ae4e74eb4a8",
        "type": "github"
      },
      "original": {
        "owner": "nix-community",
        "repo": "home-manager",
        "type": "github"
      }
    },
    "newmpkg": {
      "inputs": {
        "flake-utils": "flake-utils_2",
        "nixpkgs": [
          "nixpkgs"
        ],
        "pywmpkg": "pywmpkg"
      },
      "locked": {
        "lastModified": 1666033427,
        "narHash": "sha256-l1BQ6fsWVcywH6iZ9K+qYFXdPxul8RK1ttcRsR5qpUs=",
        "owner": "jbuchermn",
        "repo": "newm",
        "rev": "40c1af12de990d07a9e3fe7f9d07e9efba31dc89",
        "type": "github"
      },
      "original": {
        "owner": "jbuchermn",
        "repo": "newm",
        "type": "github"
      }
    },
    "nixpkgs": {
      "locked": {
        "lastModified": 1672249180,
        "narHash": "sha256-ipos/gTMHqxS39asqNWEJZ7nXdcTHa0TB0AIZXkGapg=",
        "owner": "NixOS",
        "repo": "nixpkgs",
        "rev": "e58a7747db96c23b8a977e7c1bbfc5753b81b6fa",
        "type": "github"
      },
      "original": {
        "id": "nixpkgs",
        "type": "indirect"
      }
    },
    "nixpkgs_2": {
      "locked": {
        "lastModified": 1672262501,
        "narHash": "sha256-ZNXqX9lwYo1tOFAqrVtKTLcJ2QMKCr3WuIvpN8emp7I=",
        "owner": "nixos",
        "repo": "nixpkgs",
        "rev": "e182da8622a354d44c39b3d7a542dc12cd7baa5f",
        "type": "github"
      },
      "original": {
        "owner": "nixos",
        "ref": "nixos-unstable",
        "repo": "nixpkgs",
        "type": "github"
      }
    },
    "nixpkgs_3": {
      "locked": {
        "lastModified": 1660464579,
        "narHash": "sha256-kzA9rwh0wS6CwUnFHAQ7dhJCowMPfRbvixVeOKnUmjo=",
        "owner": "NixOS",
        "repo": "nixpkgs",
        "rev": "b02538b16f6c5e1dbfce1033b27946e25c019b3b",
        "type": "github"
      },
      "original": {
        "owner": "NixOS",
        "ref": "nixpkgs-unstable",
        "repo": "nixpkgs",
        "type": "github"
      }
    },
    "nur": {
      "locked": {
        "lastModified": 1672325070,
        "narHash": "sha256-KOMgKYCUTTCKsTQ2+N0IkcgiXKuugIVGzfTN6UEZSoU=",
        "owner": "nix-community",
        "repo": "nur",
        "rev": "e914bcdc68da7d0b96ea4645a3996e0efd735dcc",
        "type": "github"
      },
      "original": {
        "owner": "nix-community",
        "repo": "nur",
        "type": "github"
      }
    },
    "pywm": {
      "inputs": {
        "flake-utils": "flake-utils_4",
        "nixpkgs": [
          "pywm-fullscreenpkg",
          "nixpkgs"
        ]
      },
      "locked": {
        "lastModified": 1659183428,
        "narHash": "sha256-bMZPmSpaYuXAZB+jH/GevzJ5T7TBdCWavDBU1ieAKbw=",
        "owner": "jbuchermn",
        "repo": "pywm",
        "rev": "12d3ded1865d2b7f7b23111a6ceb753d2741df2a",
        "type": "github"
      },
      "original": {
        "owner": "jbuchermn",
        "repo": "pywm",
        "type": "github"
      }
    },
    "pywm-fullscreenpkg": {
      "inputs": {
        "flake-utils": "flake-utils_3",
        "nixpkgs": [
          "nixpkgs"
        ],
        "pywm": "pywm"
      },
      "locked": {
        "lastModified": 1659183815,
        "narHash": "sha256-g20ugdoow9cDrV3U0K5Pg852A8JVQe/wIY1MKBsAJi0=",
        "owner": "jbuchermn",
        "repo": "pywm-fullscreen",
        "rev": "d29459b8ea19bfc768b1e2c0507a84692bf0775f",
        "type": "github"
      },
      "original": {
        "owner": "jbuchermn",
        "repo": "pywm-fullscreen",
        "type": "github"
      }
    },
    "pywmpkg": {
      "inputs": {
        "flake-utils": [
          "newmpkg",
          "flake-utils"
        ],
        "nixpkgs": [
          "newmpkg",
          "nixpkgs"
        ]
      },
      "locked": {
        "lastModified": 1666033148,
        "narHash": "sha256-KNaTXo2ZDPFVYH7JBogV5z1M39KiNyMAH2cQSrLa7fs=",
        "owner": "jbuchermn",
        "repo": "pywm",
        "rev": "f20828d8c29dc430cf6d1e59e4fdf92dc3caf36a",
        "type": "github"
      },
      "original": {
        "owner": "jbuchermn",
        "repo": "pywm",
        "type": "github"
      }
    },
    "root": {
      "inputs": {
        "emacs-overlay": "emacs-overlay",
        "home-manager": "home-manager",
        "newmpkg": "newmpkg",
        "nixpkgs": "nixpkgs_2",
        "nur": "nur",
        "pywm-fullscreenpkg": "pywm-fullscreenpkg",
        "vscode-marketplace": "vscode-marketplace"
      }
    },
    "utils": {
      "locked": {
        "lastModified": 1667395993,
        "narHash": "sha256-nuEHfE/LcWyuSWnS8t12N1wc105Qtau+/OdUAjtQ0rA=",
        "owner": "numtide",
        "repo": "flake-utils",
        "rev": "5aed5285a952e0b949eb3ba02c12fa4fcfef535f",
        "type": "github"
      },
      "original": {
        "owner": "numtide",
        "repo": "flake-utils",
        "type": "github"
      }
    },
    "vscode-marketplace": {
      "inputs": {
        "flake-utils": "flake-utils_5",
        "nixpkgs": "nixpkgs_3"
      },
      "locked": {
        "lastModified": 1672295961,
        "narHash": "sha256-PsBHKHND0iCS/O7hz2IMTK6oExohCjIyUQtKfpWHNU4=",
        "owner": "ameertaweel",
        "repo": "nix-vscode-marketplace",
        "rev": "5724c69f15a40e2f1fdda4615caea9e4167c20ee",
        "type": "github"
      },
      "original": {
        "owner": "ameertaweel",
        "repo": "nix-vscode-marketplace",
        "type": "github"
      }
    }
  },
  "root": "root",
  "version": 7
}
