{
  "nodes": {
    "home-manager": {
      "inputs": {
        "nixpkgs": [
          "nixpkgs"
        ]
      },
      "locked": {
        "lastModified": 1707114923,
        "narHash": "sha256-LDYPWa+BgxHSNEye93SyIPgz5u3RAfh78P9KyO+rQzI=",
        "owner": "nix-community",
        "repo": "home-manager",
        "rev": "afcedcf2c8e424d0465e823cf833eb3adebe1db7",
        "type": "github"
      },
      "original": {
        "owner": "nix-community",
        "repo": "home-manager",
        "type": "github"
      }
    },
    "nixpkgs": {
      "locked": {
        "lastModified": 1706913249,
        "narHash": "sha256-x3M7iV++CsvRXI1fpyFPduGELUckZEhSv0XWnUopAG8=",
        "owner": "nixos",
        "repo": "nixpkgs",
        "rev": "e92b6015881907e698782c77641aa49298330223",
        "type": "github"
      },
      "original": {
        "owner": "nixos",
        "ref": "nixos-unstable",
        "repo": "nixpkgs",
        "type": "github"
      }
    },
    "nur": {
      "locked": {
        "lastModified": 1707157951,
        "narHash": "sha256-jsQokFwuIWzAWZa9HC7htmPHtRxRfN+e0ZiXCPB4/DI=",
        "owner": "nix-community",
        "repo": "nur",
        "rev": "e496b0a16f125fcbb1f613065eb6d61564b1acce",
        "type": "github"
      },
      "original": {
        "owner": "nix-community",
        "repo": "nur",
        "type": "github"
      }
    },
    "root": {
      "inputs": {
        "home-manager": "home-manager",
        "nixpkgs": "nixpkgs",
        "nur": "nur"
      }
    }
  },
  "root": "root",
  "version": 7
}
